
Microsoft Visual Studio Solution File, Format Version 12.00
# Visual Studio Version 17
VisualStudioVersion = 17.8.34330.188
MinimumVisualStudioVersion = 10.0.40219.1
Project("{FAE04EC0-301F-11D3-BF4B-00C04F79EFBC}") = "ShortestBinaryPathApp", "ShortestBinaryPathApp\ShortestBinaryPathApp.csproj", "{AFEB1DC3-6D13-48FB-A6F3-FCBB4AE23A6C}"
EndProject
Global
	GlobalSection(SolutionConfigurationPlatforms) = preSolution
		Debug|Any CPU = Debug|Any CPU
		Release|Any CPU = Release|Any CPU
	EndGlobalSection
	GlobalSection(ProjectConfigurationPlatforms) = postSolution
		{AFEB1DC3-6D13-48FB-A6F3-FCBB4AE23A6C}.Debug|Any CPU.ActiveCfg = Debug|Any CPU
		{AFEB1DC3-6D13-48FB-A6F3-FCBB4AE23A6C}.Debug|Any CPU.Build.0 = Debug|Any CPU
		{AFEB1DC3-6D13-48FB-A6F3-FCBB4AE23A6C}.Release|Any CPU.ActiveCfg = Release|Any CPU
		{AFEB1DC3-6D13-48FB-A6F3-FCBB4AE23A6C}.Release|Any CPU.Build.0 = Release|Any CPU
	EndGlobalSection
	GlobalSection(SolutionProperties) = preSolution
		HideSolutionNode = FALSE
	EndGlobalSection
	GlobalSection(ExtensibilityGlobals) = postSolution
		SolutionGuid = {B83E1DE6-0DA6-449D-B9A4-A4D0BB453412}
	EndGlobalSection
EndGlobal
